
Microsoft Visual Studio Solution File, Format Version 12.00
# Visual Studio Version 17
VisualStudioVersion = 17.4.33213.308
MinimumVisualStudioVersion = 10.0.40219.1
Project("{FAE04EC0-301F-11D3-BF4B-00C04F79EFBC}") = "BoardgameEvenings.NET", "BoardgameEvenings.NET\BoardgameEvenings.NET.csproj", "{14C7CF6D-830A-4651-B03D-71DCDF47CD8D}"
EndProject
Global
	GlobalSection(SolutionConfigurationPlatforms) = preSolution
		Debug|Any CPU = Debug|Any CPU
		Release|Any CPU = Release|Any CPU
	EndGlobalSection
	GlobalSection(ProjectConfigurationPlatforms) = postSolution
		{14C7CF6D-830A-4651-B03D-71DCDF47CD8D}.Debug|Any CPU.ActiveCfg = Debug|Any CPU
		{14C7CF6D-830A-4651-B03D-71DCDF47CD8D}.Debug|Any CPU.Build.0 = Debug|Any CPU
		{14C7CF6D-830A-4651-B03D-71DCDF47CD8D}.Release|Any CPU.ActiveCfg = Release|Any CPU
		{14C7CF6D-830A-4651-B03D-71DCDF47CD8D}.Release|Any CPU.Build.0 = Release|Any CPU
	EndGlobalSection
	GlobalSection(SolutionProperties) = preSolution
		HideSolutionNode = FALSE
	EndGlobalSection
	GlobalSection(ExtensibilityGlobals) = postSolution
		SolutionGuid = {0B9108B1-CBAE-48B6-B2E4-1868BDDF94F0}
	EndGlobalSection
EndGlobal
